<?xml version="1.0" encoding="utf-8"?>
<Project ToolsVersion="4.0" xmlns="http://schemas.microsoft.com/developer/msbuild/2003">
  <ItemGroup>
    <Filter Include="Source Files">
      <UniqueIdentifier>{4FC737F1-C7A5-4376-A066-2A32D752A2FF}</UniqueIdentifier>
      <Extensions>cpp;c;cc;cxx;c++;cppm;ixx;def;odl;idl;hpj;bat;asm;asmx</Extensions>
    </Filter>
    <Filter Include="Resource Files">
      <UniqueIdentifier>{67DA6AB6-F800-4c08-8B7A-83BB121AAD01}</UniqueIdentifier>
      <Extensions>rc;ico;cur;bmp;dlg;rc2;rct;bin;rgs;gif;jpg;jpeg;jpe;resx;tiff;tif;png;wav;mfcribbon-ms</Extensions>
    </Filter>
    <Filter Include="Source Files\01. Main">
      <UniqueIdentifier>{77d71069-e38f-4328-bee5-9935a34691c6}</UniqueIdentifier>
    </Filter>
    <Filter Include="Source Files\98. Shaders">
      <UniqueIdentifier>{028aeaba-e0d2-4183-8205-d3fdbefca9e9}</UniqueIdentifier>
    </Filter>
    <Filter Include="Source Files\99. Headers">
      <UniqueIdentifier>{3b329133-7c41-4cab-ba41-e6df17f3b9c6}</UniqueIdentifier>
    </Filter>
    <Filter Include="Source Files\99. Headers\Andromeda">
      <UniqueIdentifier>{61a77bb4-4536-4bbe-b6dd-22ffb3c30c92}</UniqueIdentifier>
    </Filter>
    <Filter Include="Source Files\99. Headers\Utils">
      <UniqueIdentifier>{28ea63ef-c037-4d14-a502-90f5a90dc96b}</UniqueIdentifier>
    </Filter>
  </ItemGroup>
  <ItemGroup>
    <ClInclude Include="Graphics.h">
      <Filter>Source Files\01. Main</Filter>
    </ClInclude>
    <ClInclude Include="targetver.h">
      <Filter>Source Files\99. Headers\Andromeda</Filter>
    </ClInclude>
    <ClInclude Include="framework.h">
      <Filter>Source Files\99. Headers\Andromeda</Filter>
    </ClInclude>
    <ClInclude Include="Resource.h">
      <Filter>Source Files\99. Headers\Andromeda</Filter>
    </ClInclude>
    <ClInclude Include="pch.h">
      <Filter>Source Files\99. Headers</Filter>
    </ClInclude>
    <ClInclude Include="Struct.h">
      <Filter>Source Files\99. Headers</Filter>
    </ClInclude>
    <ClInclude Include="Types.h">
      <Filter>Source Files\99. Headers</Filter>
    </ClInclude>
    <ClInclude Include="Values.h">
      <Filter>Source Files\99. Headers</Filter>
    </ClInclude>
    <ClInclude Include="Game.h">
      <Filter>Source Files\01. Main</Filter>
    </ClInclude>
    <ClInclude Include="SimpleMath.h">
      <Filter>Source Files\99. Headers\Utils</Filter>
    </ClInclude>
  </ItemGroup>
  <ItemGroup>
    <ResourceCompile Include="Graphics.rc">
      <Filter>Resource Files</Filter>
    </ResourceCompile>
  </ItemGroup>
  <ItemGroup>
    <Image Include="small.ico">
      <Filter>Resource Files</Filter>
    </Image>
    <Image Include="Graphics.ico">
      <Filter>Resource Files</Filter>
    </Image>
  </ItemGroup>
  <ItemGroup>
    <ClCompile Include="Graphics.cpp">
      <Filter>Source Files\01. Main</Filter>
    </ClCompile>
    <ClCompile Include="pch.cpp">
      <Filter>Source Files\99. Headers</Filter>
    </ClCompile>
    <ClCompile Include="Game.cpp">
      <Filter>Source Files\01. Main</Filter>
    </ClCompile>
    <ClCompile Include="SimpleMath.cpp">
      <Filter>Source Files\99. Headers\Utils</Filter>
    </ClCompile>
  </ItemGroup>
  <ItemGroup>
    <FxCompile Include="Default.hlsl">
      <Filter>Source Files\98. Shaders</Filter>
    </FxCompile>
  </ItemGroup>
  <ItemGroup>
    <None Include="SimpleMath.inl">
      <Filter>Source Files\99. Headers\Utils</Filter>
    </None>
  </ItemGroup>
</Project>